// !$*UTF8*$!
{
	archiveVersion = 1;
	classes = {
	};
	objectVersion = 55;
	objects = {

/* Begin PBXBuildFile section */
		8ACC392B291F808A0048FD37 /* NewordApp.swift in Sources */ = {isa = PBXBuildFile; fileRef = 8ACC392A291F808A0048FD37 /* NewordApp.swift */; };
		8ACC392D291F808A0048FD37 /* ContentView.swift in Sources */ = {isa = PBXBuildFile; fileRef = 8ACC392C291F808A0048FD37 /* ContentView.swift */; };
		8ACC392F291F808A0048FD37 /* Assets.xcassets in Resources */ = {isa = PBXBuildFile; fileRef = 8ACC392E291F808A0048FD37 /* Assets.xcassets */; };
		8ACC3932291F808A0048FD37 /* Preview Assets.xcassets in Resources */ = {isa = PBXBuildFile; fileRef = 8ACC3931291F808A0048FD37 /* Preview Assets.xcassets */; };
		8ACC393C291F808A0048FD37 /* NewordTests.swift in Sources */ = {isa = PBXBuildFile; fileRef = 8ACC393B291F808A0048FD37 /* NewordTests.swift */; };
		8ACC3946291F808A0048FD37 /* NewordUITests.swift in Sources */ = {isa = PBXBuildFile; fileRef = 8ACC3945291F808A0048FD37 /* NewordUITests.swift */; };
		8ACC3948291F808A0048FD37 /* NewordUITestsLaunchTests.swift in Sources */ = {isa = PBXBuildFile; fileRef = 8ACC3947291F808A0048FD37 /* NewordUITestsLaunchTests.swift */; };
/* End PBXBuildFile section */

/* Begin PBXContainerItemProxy section */
		8ACC3938291F808A0048FD37 /* PBXContainerItemProxy */ = {
			isa = PBXContainerItemProxy;
			containerPortal = 8ACC391F291F808A0048FD37 /* Project object */;
			proxyType = 1;
			remoteGlobalIDString = 8ACC3926291F808A0048FD37;
			remoteInfo = Neword;
		};
		8ACC3942291F808A0048FD37 /* PBXContainerItemProxy */ = {
			isa = PBXContainerItemProxy;
			containerPortal = 8ACC391F291F808A0048FD37 /* Project object */;
			proxyType = 1;
			remoteGlobalIDString = 8ACC3926291F808A0048FD37;
			remoteInfo = Neword;
		};
/* End PBXContainerItemProxy section */

/* Begin PBXFileReference section */
		8ACC3927291F808A0048FD37 /* Neword.app */ = {isa = PBXFileReference; explicitFileType = wrapper.application; includeInIndex = 0; path = Neword.app; sourceTree = BUILT_PRODUCTS_DIR; };
		8ACC392A291F808A0048FD37 /* NewordApp.swift */ = {isa = PBXFileReference; lastKnownFileType = sourcecode.swift; path = NewordApp.swift; sourceTree = "<group>"; };
		8ACC392C291F808A0048FD37 /* ContentView.swift */ = {isa = PBXFileReference; lastKnownFileType = sourcecode.swift; path = ContentView.swift; sourceTree = "<group>"; };
		8ACC392E291F808A0048FD37 /* Assets.xcassets */ = {isa = PBXFileReference; lastKnownFileType = folder.assetcatalog; path = Assets.xcassets; sourceTree = "<group>"; };
		8ACC3931291F808A0048FD37 /* Preview Assets.xcassets */ = {isa = PBXFileReference; lastKnownFileType = folder.assetcatalog; path = "Preview Assets.xcassets"; sourceTree = "<group>"; };
		8ACC3937291F808A0048FD37 /* NewordTests.xctest */ = {isa = PBXFileReference; explicitFileType = wrapper.cfbundle; includeInIndex = 0; path = NewordTests.xctest; sourceTree = BUILT_PRODUCTS_DIR; };
		8ACC393B291F808A0048FD37 /* NewordTests.swift */ = {isa = PBXFileReference; lastKnownFileType = sourcecode.swift; path = NewordTests.swift; sourceTree = "<group>"; };
		8ACC3941291F808A0048FD37 /* NewordUITests.xctest */ = {isa = PBXFileReference; explicitFileType = wrapper.cfbundle; includeInIndex = 0; path = NewordUITests.xctest; sourceTree = BUILT_PRODUCTS_DIR; };
		8ACC3945291F808A0048FD37 /* NewordUITests.swift */ = {isa = PBXFileReference; lastKnownFileType = sourcecode.swift; path = NewordUITests.swift; sourceTree = "<group>"; };
		8ACC3947291F808A0048FD37 /* NewordUITestsLaunchTests.swift */ = {isa = PBXFileReference; lastKnownFileType = sourcecode.swift; path = NewordUITestsLaunchTests.swift; sourceTree = "<group>"; };
/* End PBXFileReference section */

/* Begin PBXFrameworksBuildPhase section */
		8ACC3924291F808A0048FD37 /* Frameworks */ = {
			isa = PBXFrameworksBuildPhase;
			buildActionMask = 2147483647;
			files = (
			);
			runOnlyForDeploymentPostprocessing = 0;
		};
		8ACC3934291F808A0048FD37 /* Frameworks */ = {
			isa = PBXFrameworksBuildPhase;
			buildActionMask = 2147483647;
			files = (
			);
			runOnlyForDeploymentPostprocessing = 0;
		};
		8ACC393E291F808A0048FD37 /* Frameworks */ = {
			isa = PBXFrameworksBuildPhase;
			buildActionMask = 2147483647;
			files = (
			);
			runOnlyForDeploymentPostprocessing = 0;
		};
/* End PBXFrameworksBuildPhase section */

/* Begin PBXGroup section */
		8ACC391E291F808A0048FD37 = {
			isa = PBXGroup;
			children = (
				8ACC3929291F808A0048FD37 /* Neword */,
				8ACC393A291F808A0048FD37 /* NewordTests */,
				8ACC3944291F808A0048FD37 /* NewordUITests */,
				8ACC3928291F808A0048FD37 /* Products */,
			);
			sourceTree = "<group>";
		};
		8ACC3928291F808A0048FD37 /* Products */ = {
			isa = PBXGroup;
			children = (
				8ACC3927291F808A0048FD37 /* Neword.app */,
				8ACC3937291F808A0048FD37 /* NewordTests.xctest */,
				8ACC3941291F808A0048FD37 /* NewordUITests.xctest */,
			);
			name = Products;
			sourceTree = "<group>";
		};
		8ACC3929291F808A0048FD37 /* Neword */ = {
			isa = PBXGroup;
			children = (
				8ACC392A291F808A0048FD37 /* NewordApp.swift */,
				8ACC392C291F808A0048FD37 /* ContentView.swift */,
				8ACC392E291F808A0048FD37 /* Assets.xcassets */,
				8ACC3930291F808A0048FD37 /* Preview Content */,
			);
			path = Neword;
			sourceTree = "<group>";
		};
		8ACC3930291F808A0048FD37 /* Preview Content */ = {
			isa = PBXGroup;
			children = (
				8ACC3931291F808A0048FD37 /* Preview Assets.xcassets */,
			);
			path = "Preview Content";
			sourceTree = "<group>";
		};
		8ACC393A291F808A0048FD37 /* NewordTests */ = {
			isa = PBXGroup;
			children = (
				8ACC393B291F808A0048FD37 /* NewordTests.swift */,
			);
			path = NewordTests;
			sourceTree = "<group>";
		};
		8ACC3944291F808A0048FD37 /* NewordUITests */ = {
			isa = PBXGroup;
			children = (
				8ACC3945291F808A0048FD37 /* NewordUITests.swift */,
				8ACC3947291F808A0048FD37 /* NewordUITestsLaunchTests.swift */,
			);
			path = NewordUITests;
			sourceTree = "<group>";
		};
/* End PBXGroup section */

/* Begin PBXNativeTarget section */
		8ACC3926291F808A0048FD37 /* Neword */ = {
			isa = PBXNativeTarget;
			buildConfigurationList = 8ACC394B291F808A0048FD37 /* Build configuration list for PBXNativeTarget "Neword" */;
			buildPhases = (
				8ACC3923291F808A0048FD37 /* Sources */,
				8ACC3924291F808A0048FD37 /* Frameworks */,
				8ACC3925291F808A0048FD37 /* Resources */,
			);
			buildRules = (
			);
			dependencies = (
			);
			name = Neword;
			productName = Neword;
			productReference = 8ACC3927291F808A0048FD37 /* Neword.app */;
			productType = "com.apple.product-type.application";
		};
		8ACC3936291F808A0048FD37 /* NewordTests */ = {
			isa = PBXNativeTarget;
			buildConfigurationList = 8ACC394E291F808A0048FD37 /* Build configuration list for PBXNativeTarget "NewordTests" */;
			buildPhases = (
				8ACC3933291F808A0048FD37 /* Sources */,
				8ACC3934291F808A0048FD37 /* Frameworks */,
				8ACC3935291F808A0048FD37 /* Resources */,
			);
			buildRules = (
			);
			dependencies = (
				8ACC3939291F808A0048FD37 /* PBXTargetDependency */,
			);
			name = NewordTests;
			productName = NewordTests;
			productReference = 8ACC3937291F808A0048FD37 /* NewordTests.xctest */;
			productType = "com.apple.product-type.bundle.unit-test";
		};
		8ACC3940291F808A0048FD37 /* NewordUITests */ = {
			isa = PBXNativeTarget;
			buildConfigurationList = 8ACC3951291F808A0048FD37 /* Build configuration list for PBXNativeTarget "NewordUITests" */;
			buildPhases = (
				8ACC393D291F808A0048FD37 /* Sources */,
				8ACC393E291F808A0048FD37 /* Frameworks */,
				8ACC393F291F808A0048FD37 /* Resources */,
			);
			buildRules = (
			);
			dependencies = (
				8ACC3943291F808A0048FD37 /* PBXTargetDependency */,
			);
			name = NewordUITests;
			productName = NewordUITests;
			productReference = 8ACC3941291F808A0048FD37 /* NewordUITests.xctest */;
			productType = "com.apple.product-type.bundle.ui-testing";
		};
/* End PBXNativeTarget section */

/* Begin PBXProject section */
		8ACC391F291F808A0048FD37 /* Project object */ = {
			isa = PBXProject;
			attributes = {
				BuildIndependentTargetsInParallel = 1;
				LastSwiftUpdateCheck = 1340;
				LastUpgradeCheck = 1340;
				TargetAttributes = {
					8ACC3926291F808A0048FD37 = {
						CreatedOnToolsVersion = 13.4.1;
					};
					8ACC3936291F808A0048FD37 = {
						CreatedOnToolsVersion = 13.4.1;
						TestTargetID = 8ACC3926291F808A0048FD37;
					};
					8ACC3940291F808A0048FD37 = {
						CreatedOnToolsVersion = 13.4.1;
						TestTargetID = 8ACC3926291F808A0048FD37;
					};
				};
			};
			buildConfigurationList = 8ACC3922291F808A0048FD37 /* Build configuration list for PBXProject "Neword" */;
			compatibilityVersion = "Xcode 13.0";
			developmentRegion = en;
			hasScannedForEncodings = 0;
			knownRegions = (
				en,
				Base,
			);
			mainGroup = 8ACC391E291F808A0048FD37;
			productRefGroup = 8ACC3928291F808A0048FD37 /* Products */;
			projectDirPath = "";
			projectRoot = "";
			targets = (
				8ACC3926291F808A0048FD37 /* Neword */,
				8ACC3936291F808A0048FD37 /* NewordTests */,
				8ACC3940291F808A0048FD37 /* NewordUITests */,
			);
		};
/* End PBXProject section */

/* Begin PBXResourcesBuildPhase section */
		8ACC3925291F808A0048FD37 /* Resources */ = {
			isa = PBXResourcesBuildPhase;
			buildActionMask = 2147483647;
			files = (
				8ACC3932291F808A0048FD37 /* Preview Assets.xcassets in Resources */,
				8ACC392F291F808A0048FD37 /* Assets.xcassets in Resources */,
			);
			runOnlyForDeploymentPostprocessing = 0;
		};
		8ACC3935291F808A0048FD37 /* Resources */ = {
			isa = PBXResourcesBuildPhase;
			buildActionMask = 2147483647;
			files = (
			);
			runOnlyForDeploymentPostprocessing = 0;
		};
		8ACC393F291F808A0048FD37 /* Resources */ = {
			isa = PBXResourcesBuildPhase;
			buildActionMask = 2147483647;
			files = (
			);
			runOnlyForDeploymentPostprocessing = 0;
		};
/* End PBXResourcesBuildPhase section */

/* Begin PBXSourcesBuildPhase section */
		8ACC3923291F808A0048FD37 /* Sources */ = {
			isa = PBXSourcesBuildPhase;
			buildActionMask = 2147483647;
			files = (
				8ACC392D291F808A0048FD37 /* ContentView.swift in Sources */,
				8ACC392B291F808A0048FD37 /* NewordApp.swift in Sources */,
			);
			runOnlyForDeploymentPostprocessing = 0;
		};
		8ACC3933291F808A0048FD37 /* Sources */ = {
			isa = PBXSourcesBuildPhase;
			buildActionMask = 2147483647;
			files = (
				8ACC393C291F808A0048FD37 /* NewordTests.swift in Sources */,
			);
			runOnlyForDeploymentPostprocessing = 0;
		};
		8ACC393D291F808A0048FD37 /* Sources */ = {
			isa = PBXSourcesBuildPhase;
			buildActionMask = 2147483647;
			files = (
				8ACC3946291F808A0048FD37 /* NewordUITests.swift in Sources */,
				8ACC3948291F808A0048FD37 /* NewordUITestsLaunchTests.swift in Sources */,
			);
			runOnlyForDeploymentPostprocessing = 0;
		};
/* End PBXSourcesBuildPhase section */

/* Begin PBXTargetDependency section */
		8ACC3939291F808A0048FD37 /* PBXTargetDependency */ = {
			isa = PBXTargetDependency;
			target = 8ACC3926291F808A0048FD37 /* Neword */;
			targetProxy = 8ACC3938291F808A0048FD37 /* PBXContainerItemProxy */;
		};
		8ACC3943291F808A0048FD37 /* PBXTargetDependency */ = {
			isa = PBXTargetDependency;
			target = 8ACC3926291F808A0048FD37 /* Neword */;
			targetProxy = 8ACC3942291F808A0048FD37 /* PBXContainerItemProxy */;
		};
/* End PBXTargetDependency section */

/* Begin XCBuildConfiguration section */
		8ACC3949291F808A0048FD37 /* Debug */ = {
			isa = XCBuildConfiguration;
			buildSettings = {
				ALWAYS_SEARCH_USER_PATHS = NO;
				CLANG_ANALYZER_NONNULL = YES;
				CLANG_ANALYZER_NUMBER_OBJECT_CONVERSION = YES_AGGRESSIVE;
				CLANG_CXX_LANGUAGE_STANDARD = "gnu++17";
				CLANG_ENABLE_MODULES = YES;
				CLANG_ENABLE_OBJC_ARC = YES;
				CLANG_ENABLE_OBJC_WEAK = YES;
				CLANG_WARN_BLOCK_CAPTURE_AUTORELEASING = YES;
				CLANG_WARN_BOOL_CONVERSION = YES;
				CLANG_WARN_COMMA = YES;
				CLANG_WARN_CONSTANT_CONVERSION = YES;
				CLANG_WARN_DEPRECATED_OBJC_IMPLEMENTATIONS = YES;
				CLANG_WARN_DIRECT_OBJC_ISA_USAGE = YES_ERROR;
				CLANG_WARN_DOCUMENTATION_COMMENTS = YES;
				CLANG_WARN_EMPTY_BODY = YES;
				CLANG_WARN_ENUM_CONVERSION = YES;
				CLANG_WARN_INFINITE_RECURSION = YES;
				CLANG_WARN_INT_CONVERSION = YES;
				CLANG_WARN_NON_LITERAL_NULL_CONVERSION = YES;
				CLANG_WARN_OBJC_IMPLICIT_RETAIN_SELF = YES;
				CLANG_WARN_OBJC_LITERAL_CONVERSION = YES;
				CLANG_WARN_OBJC_ROOT_CLASS = YES_ERROR;
				CLANG_WARN_QUOTED_INCLUDE_IN_FRAMEWORK_HEADER = YES;
				CLANG_WARN_RANGE_LOOP_ANALYSIS = YES;
				CLANG_WARN_STRICT_PROTOTYPES = YES;
				CLANG_WARN_SUSPICIOUS_MOVE = YES;
				CLANG_WARN_UNGUARDED_AVAILABILITY = YES_AGGRESSIVE;
				CLANG_WARN_UNREACHABLE_CODE = YES;
				CLANG_WARN__DUPLICATE_METHOD_MATCH = YES;
				COPY_PHASE_STRIP = NO;
				DEBUG_INFORMATION_FORMAT = dwarf;
				ENABLE_STRICT_OBJC_MSGSEND = YES;
				ENABLE_TESTABILITY = YES;
				GCC_C_LANGUAGE_STANDARD = gnu11;
				GCC_DYNAMIC_NO_PIC = NO;
				GCC_NO_COMMON_BLOCKS = YES;
				GCC_OPTIMIZATION_LEVEL = 0;
				GCC_PREPROCESSOR_DEFINITIONS = (
					"DEBUG=1",
					"$(inherited)",
				);
				GCC_WARN_64_TO_32_BIT_CONVERSION = YES;
				GCC_WARN_ABOUT_RETURN_TYPE = YES_ERROR;
				GCC_WARN_UNDECLARED_SELECTOR = YES;
				GCC_WARN_UNINITIALIZED_AUTOS = YES_AGGRESSIVE;
				GCC_WARN_UNUSED_FUNCTION = YES;
				GCC_WARN_UNUSED_VARIABLE = YES;
				IPHONEOS_DEPLOYMENT_TARGET = 15.5;
				MTL_ENABLE_DEBUG_INFO = INCLUDE_SOURCE;
				MTL_FAST_MATH = YES;
				ONLY_ACTIVE_ARCH = YES;
				SDKROOT = iphoneos;
				SWIFT_ACTIVE_COMPILATION_CONDITIONS = DEBUG;
				SWIFT_OPTIMIZATION_LEVEL = "-Onone";
			};
			name = Debug;
		};
		8ACC394A291F808A0048FD37 /* Release */ = {
			isa = XCBuildConfiguration;
			buildSettings = {
				ALWAYS_SEARCH_USER_PATHS = NO;
				CLANG_ANALYZER_NONNULL = YES;
				CLANG_ANALYZER_NUMBER_OBJECT_CONVERSION = YES_AGGRESSIVE;
				CLANG_CXX_LANGUAGE_STANDARD = "gnu++17";
				CLANG_ENABLE_MODULES = YES;
				CLANG_ENABLE_OBJC_ARC = YES;
				CLANG_ENABLE_OBJC_WEAK = YES;
				CLANG_WARN_BLOCK_CAPTURE_AUTORELEASING = YES;
				CLANG_WARN_BOOL_CONVERSION = YES;
				CLANG_WARN_COMMA = YES;
				CLANG_WARN_CONSTANT_CONVERSION = YES;
				CLANG_WARN_DEPRECATED_OBJC_IMPLEMENTATIONS = YES;
				CLANG_WARN_DIRECT_OBJC_ISA_USAGE = YES_ERROR;
				CLANG_WARN_DOCUMENTATION_COMMENTS = YES;
				CLANG_WARN_EMPTY_BODY = YES;
				CLANG_WARN_ENUM_CONVERSION = YES;
				CLANG_WARN_INFINITE_RECURSION = YES;
				CLANG_WARN_INT_CONVERSION = YES;
				CLANG_WARN_NON_LITERAL_NULL_CONVERSION = YES;
				CLANG_WARN_OBJC_IMPLICIT_RETAIN_SELF = YES;
				CLANG_WARN_OBJC_LITERAL_CONVERSION = YES;
				CLANG_WARN_OBJC_ROOT_CLASS = YES_ERROR;
				CLANG_WARN_QUOTED_INCLUDE_IN_FRAMEWORK_HEADER = YES;
				CLANG_WARN_RANGE_LOOP_ANALYSIS = YES;
				CLANG_WARN_STRICT_PROTOTYPES = YES;
				CLANG_WARN_SUSPICIOUS_MOVE = YES;
				CLANG_WARN_UNGUARDED_AVAILABILITY = YES_AGGRESSIVE;
				CLANG_WARN_UNREACHABLE_CODE = YES;
				CLANG_WARN__DUPLICATE_METHOD_MATCH = YES;
				COPY_PHASE_STRIP = NO;
				DEBUG_INFORMATION_FORMAT = "dwarf-with-dsym";
				ENABLE_NS_ASSERTIONS = NO;
				ENABLE_STRICT_OBJC_MSGSEND = YES;
				GCC_C_LANGUAGE_STANDARD = gnu11;
				GCC_NO_COMMON_BLOCKS = YES;
				GCC_WARN_64_TO_32_BIT_CONVERSION = YES;
				GCC_WARN_ABOUT_RETURN_TYPE = YES_ERROR;
				GCC_WARN_UNDECLARED_SELECTOR = YES;
				GCC_WARN_UNINITIALIZED_AUTOS = YES_AGGRESSIVE;
				GCC_WARN_UNUSED_FUNCTION = YES;
				GCC_WARN_UNUSED_VARIABLE = YES;
				IPHONEOS_DEPLOYMENT_TARGET = 15.5;
				MTL_ENABLE_DEBUG_INFO = NO;
				MTL_FAST_MATH = YES;
				SDKROOT = iphoneos;
				SWIFT_COMPILATION_MODE = wholemodule;
				SWIFT_OPTIMIZATION_LEVEL = "-O";
				VALIDATE_PRODUCT = YES;
			};
			name = Release;
		};
		8ACC394C291F808A0048FD37 /* Debug */ = {
			isa = XCBuildConfiguration;
			buildSettings = {
				ASSETCATALOG_COMPILER_APPICON_NAME = AppIcon;
				ASSETCATALOG_COMPILER_GLOBAL_ACCENT_COLOR_NAME = AccentColor;
				CODE_SIGN_STYLE = Automatic;
				CURRENT_PROJECT_VERSION = 1;
				DEVELOPMENT_ASSET_PATHS = "\"Neword/Preview Content\"";
				DEVELOPMENT_TEAM = LFTT352AZS;
				ENABLE_PREVIEWS = YES;
				GENERATE_INFOPLIST_FILE = YES;
				INFOPLIST_KEY_UIApplicationSceneManifest_Generation = YES;
				INFOPLIST_KEY_UIApplicationSupportsIndirectInputEvents = YES;
				INFOPLIST_KEY_UILaunchScreen_Generation = YES;
				INFOPLIST_KEY_UISupportedInterfaceOrientations_iPad = "UIInterfaceOrientationPortrait UIInterfaceOrientationPortraitUpsideDown UIInterfaceOrientationLandscapeLeft UIInterfaceOrientationLandscapeRight";
				INFOPLIST_KEY_UISupportedInterfaceOrientations_iPhone = "UIInterfaceOrientationPortrait UIInterfaceOrientationLandscapeLeft UIInterfaceOrientationLandscapeRight";
				LD_RUNPATH_SEARCH_PATHS = (
					"$(inherited)",
					"@executable_path/Frameworks",
				);
				MARKETING_VERSION = 1.0;
				PRODUCT_BUNDLE_IDENTIFIER = Syd.Neword;
				PRODUCT_NAME = "$(TARGET_NAME)";
				SWIFT_EMIT_LOC_STRINGS = YES;
				SWIFT_VERSION = 5.0;
				TARGETED_DEVICE_FAMILY = "1,2";
			};
			name = Debug;
		};
		8ACC394D291F808A0048FD37 /* Release */ = {
			isa = XCBuildConfiguration;
			buildSettings = {
				ASSETCATALOG_COMPILER_APPICON_NAME = AppIcon;
				ASSETCATALOG_COMPILER_GLOBAL_ACCENT_COLOR_NAME = AccentColor;
				CODE_SIGN_STYLE = Automatic;
				CURRENT_PROJECT_VERSION = 1;
				DEVELOPMENT_ASSET_PATHS = "\"Neword/Preview Content\"";
				DEVELOPMENT_TEAM = LFTT352AZS;
				ENABLE_PREVIEWS = YES;
				GENERATE_INFOPLIST_FILE = YES;
				INFOPLIST_KEY_UIApplicationSceneManifest_Generation = YES;
				INFOPLIST_KEY_UIApplicationSupportsIndirectInputEvents = YES;
				INFOPLIST_KEY_UILaunchScreen_Generation = YES;
				INFOPLIST_KEY_UISupportedInterfaceOrientations_iPad = "UIInterfaceOrientationPortrait UIInterfaceOrientationPortraitUpsideDown UIInterfaceOrientationLandscapeLeft UIInterfaceOrientationLandscapeRight";
				INFOPLIST_KEY_UISupportedInterfaceOrientations_iPhone = "UIInterfaceOrientationPortrait UIInterfaceOrientationLandscapeLeft UIInterfaceOrientationLandscapeRight";
				LD_RUNPATH_SEARCH_PATHS = (
					"$(inherited)",
					"@executable_path/Frameworks",
				);
				MARKETING_VERSION = 1.0;
				PRODUCT_BUNDLE_IDENTIFIER = Syd.Neword;
				PRODUCT_NAME = "$(TARGET_NAME)";
				SWIFT_EMIT_LOC_STRINGS = YES;
				SWIFT_VERSION = 5.0;
				TARGETED_DEVICE_FAMILY = "1,2";
			};
			name = Release;
		};
		8ACC394F291F808A0048FD37 /* Debug */ = {
			isa = XCBuildConfiguration;
			buildSettings = {
				ALWAYS_EMBED_SWIFT_STANDARD_LIBRARIES = YES;
				BUNDLE_LOADER = "$(TEST_HOST)";
				CODE_SIGN_STYLE = Automatic;
				CURRENT_PROJECT_VERSION = 1;
				DEVELOPMENT_TEAM = LFTT352AZS;
				GENERATE_INFOPLIST_FILE = YES;
				IPHONEOS_DEPLOYMENT_TARGET = 15.5;
				MARKETING_VERSION = 1.0;
				PRODUCT_BUNDLE_IDENTIFIER = Syd.NewordTests;
				PRODUCT_NAME = "$(TARGET_NAME)";
				SWIFT_EMIT_LOC_STRINGS = NO;
				SWIFT_VERSION = 5.0;
				TARGETED_DEVICE_FAMILY = "1,2";
				TEST_HOST = "$(BUILT_PRODUCTS_DIR)/Neword.app/Neword";
			};
			name = Debug;
		};
		8ACC3950291F808A0048FD37 /* Release */ = {
			isa = XCBuildConfiguration;
			buildSettings = {
				ALWAYS_EMBED_SWIFT_STANDARD_LIBRARIES = YES;
				BUNDLE_LOADER = "$(TEST_HOST)";
				CODE_SIGN_STYLE = Automatic;
				CURRENT_PROJECT_VERSION = 1;
				DEVELOPMENT_TEAM = LFTT352AZS;
				GENERATE_INFOPLIST_FILE = YES;
				IPHONEOS_DEPLOYMENT_TARGET = 15.5;
				MARKETING_VERSION = 1.0;
				PRODUCT_BUNDLE_IDENTIFIER = Syd.NewordTests;
				PRODUCT_NAME = "$(TARGET_NAME)";
				SWIFT_EMIT_LOC_STRINGS = NO;
				SWIFT_VERSION = 5.0;
				TARGETED_DEVICE_FAMILY = "1,2";
				TEST_HOST = "$(BUILT_PRODUCTS_DIR)/Neword.app/Neword";
			};
			name = Release;
		};
		8ACC3952291F808A0048FD37 /* Debug */ = {
			isa = XCBuildConfiguration;
			buildSettings = {
				ALWAYS_EMBED_SWIFT_STANDARD_LIBRARIES = YES;
				CODE_SIGN_STYLE = Automatic;
				CURRENT_PROJECT_VERSION = 1;
				DEVELOPMENT_TEAM = LFTT352AZS;
				GENERATE_INFOPLIST_FILE = YES;
				MARKETING_VERSION = 1.0;
				PRODUCT_BUNDLE_IDENTIFIER = Syd.NewordUITests;
				PRODUCT_NAME = "$(TARGET_NAME)";
				SWIFT_EMIT_LOC_STRINGS = NO;
				SWIFT_VERSION = 5.0;
				TARGETED_DEVICE_FAMILY = "1,2";
				TEST_TARGET_NAME = Neword;
			};
			name = Debug;
		};
		8ACC3953291F808A0048FD37 /* Release */ = {
			isa = XCBuildConfiguration;
			buildSettings = {
				ALWAYS_EMBED_SWIFT_STANDARD_LIBRARIES = YES;
				CODE_SIGN_STYLE = Automatic;
				CURRENT_PROJECT_VERSION = 1;
				DEVELOPMENT_TEAM = LFTT352AZS;
				GENERATE_INFOPLIST_FILE = YES;
				MARKETING_VERSION = 1.0;
				PRODUCT_BUNDLE_IDENTIFIER = Syd.NewordUITests;
				PRODUCT_NAME = "$(TARGET_NAME)";
				SWIFT_EMIT_LOC_STRINGS = NO;
				SWIFT_VERSION = 5.0;
				TARGETED_DEVICE_FAMILY = "1,2";
				TEST_TARGET_NAME = Neword;
			};
			name = Release;
		};
/* End XCBuildConfiguration section */

/* Begin XCConfigurationList section */
		8ACC3922291F808A0048FD37 /* Build configuration list for PBXProject "Neword" */ = {
			isa = XCConfigurationList;
			buildConfigurations = (
				8ACC3949291F808A0048FD37 /* Debug */,
				8ACC394A291F808A0048FD37 /* Release */,
			);
			defaultConfigurationIsVisible = 0;
			defaultConfigurationName = Release;
		};
		8ACC394B291F808A0048FD37 /* Build configuration list for PBXNativeTarget "Neword" */ = {
			isa = XCConfigurationList;
			buildConfigurations = (
				8ACC394C291F808A0048FD37 /* Debug */,
				8ACC394D291F808A0048FD37 /* Release */,
			);
			defaultConfigurationIsVisible = 0;
			defaultConfigurationName = Release;
		};
		8ACC394E291F808A0048FD37 /* Build configuration list for PBXNativeTarget "NewordTests" */ = {
			isa = XCConfigurationList;
			buildConfigurations = (
				8ACC394F291F808A0048FD37 /* Debug */,
				8ACC3950291F808A0048FD37 /* Release */,
			);
			defaultConfigurationIsVisible = 0;
			defaultConfigurationName = Release;
		};
		8ACC3951291F808A0048FD37 /* Build configuration list for PBXNativeTarget "NewordUITests" */ = {
			isa = XCConfigurationList;
			buildConfigurations = (
				8ACC3952291F808A0048FD37 /* Debug */,
				8ACC3953291F808A0048FD37 /* Release */,
			);
			defaultConfigurationIsVisible = 0;
			defaultConfigurationName = Release;
		};
/* End XCConfigurationList section */
	};
	rootObject = 8ACC391F291F808A0048FD37 /* Project object */;
}
